
Microsoft Visual Studio Solution File, Format Version 12.00
# Visual Studio Version 17
VisualStudioVersion = 17.13.35818.85 d17.13
MinimumVisualStudioVersion = 10.0.40219.1
Project("{FAE04EC0-301F-11D3-BF4B-00C04F79EFBC}") = "IKEA.PL", "IKEA.PL\IKEA.PL.csproj", "{C51012BA-269A-4F90-AC38-909B3B04BD2D}"
EndProject
Project("{FAE04EC0-301F-11D3-BF4B-00C04F79EFBC}") = "IKEA.BLL", "IKEA.BLL\IKEA.BLL.csproj", "{075D8B46-15CD-43DD-8CE7-0759F3132711}"
EndProject
Project("{FAE04EC0-301F-11D3-BF4B-00C04F79EFBC}") = "IKEA.DAL", "IKEA.DAL\IKEA.DAL.csproj", "{418098EB-8668-4EA2-A138-91B6614DAF34}"
EndProject
Global
	GlobalSection(SolutionConfigurationPlatforms) = preSolution
		Debug|Any CPU = Debug|Any CPU
		Release|Any CPU = Release|Any CPU
	EndGlobalSection
	GlobalSection(ProjectConfigurationPlatforms) = postSolution
		{C51012BA-269A-4F90-AC38-909B3B04BD2D}.Debug|Any CPU.ActiveCfg = Debug|Any CPU
		{C51012BA-269A-4F90-AC38-909B3B04BD2D}.Debug|Any CPU.Build.0 = Debug|Any CPU
		{C51012BA-269A-4F90-AC38-909B3B04BD2D}.Release|Any CPU.ActiveCfg = Release|Any CPU
		{C51012BA-269A-4F90-AC38-909B3B04BD2D}.Release|Any CPU.Build.0 = Release|Any CPU
		{075D8B46-15CD-43DD-8CE7-0759F3132711}.Debug|Any CPU.ActiveCfg = Debug|Any CPU
		{075D8B46-15CD-43DD-8CE7-0759F3132711}.Debug|Any CPU.Build.0 = Debug|Any CPU
		{075D8B46-15CD-43DD-8CE7-0759F3132711}.Release|Any CPU.ActiveCfg = Release|Any CPU
		{075D8B46-15CD-43DD-8CE7-0759F3132711}.Release|Any CPU.Build.0 = Release|Any CPU
		{418098EB-8668-4EA2-A138-91B6614DAF34}.Debug|Any CPU.ActiveCfg = Debug|Any CPU
		{418098EB-8668-4EA2-A138-91B6614DAF34}.Debug|Any CPU.Build.0 = Debug|Any CPU
		{418098EB-8668-4EA2-A138-91B6614DAF34}.Release|Any CPU.ActiveCfg = Release|Any CPU
		{418098EB-8668-4EA2-A138-91B6614DAF34}.Release|Any CPU.Build.0 = Release|Any CPU
	EndGlobalSection
	GlobalSection(SolutionProperties) = preSolution
		HideSolutionNode = FALSE
	EndGlobalSection
	GlobalSection(ExtensibilityGlobals) = postSolution
		SolutionGuid = {6133F2E8-B4F8-48ED-BDD6-9DFEBD187C12}
	EndGlobalSection
EndGlobal
